// !$*UTF8*$!
{
	archiveVersion = 1;
	classes = {
	};
	objectVersion = 56;
	objects = {

/* Begin PBXBuildFile section */
		362669532B11CB4800488748 /* imageGeneratorApp.swift in Sources */ = {isa = PBXBuildFile; fileRef = 362669522B11CB4800488748 /* imageGeneratorApp.swift */; };
		362669552B11CB4800488748 /* ContentView.swift in Sources */ = {isa = PBXBuildFile; fileRef = 362669542B11CB4800488748 /* ContentView.swift */; };
		362669572B11CB4A00488748 /* Assets.xcassets in Resources */ = {isa = PBXBuildFile; fileRef = 362669562B11CB4A00488748 /* Assets.xcassets */; };
		3626695A2B11CB4A00488748 /* Preview Assets.xcassets in Resources */ = {isa = PBXBuildFile; fileRef = 362669592B11CB4A00488748 /* Preview Assets.xcassets */; };
		362669642B11CB4A00488748 /* imageGeneratorTests.swift in Sources */ = {isa = PBXBuildFile; fileRef = 362669632B11CB4A00488748 /* imageGeneratorTests.swift */; };
		3626696E2B11CB4A00488748 /* imageGeneratorUITests.swift in Sources */ = {isa = PBXBuildFile; fileRef = 3626696D2B11CB4A00488748 /* imageGeneratorUITests.swift */; };
		362669702B11CB4A00488748 /* imageGeneratorUITestsLaunchTests.swift in Sources */ = {isa = PBXBuildFile; fileRef = 3626696F2B11CB4A00488748 /* imageGeneratorUITestsLaunchTests.swift */; };
		3626697D2B11CB6500488748 /* ImageGeneratorViewModel.swift in Sources */ = {isa = PBXBuildFile; fileRef = 3626697C2B11CB6500488748 /* ImageGeneratorViewModel.swift */; };
		362669802B11CC0A00488748 /* OpenAIKit in Frameworks */ = {isa = PBXBuildFile; productRef = 3626697F2B11CC0A00488748 /* OpenAIKit */; };
		362669852B11D29C00488748 /* netfox in Frameworks */ = {isa = PBXBuildFile; productRef = 362669842B11D29C00488748 /* netfox */; };
		362669882B12144B00488748 /* audio.mp3 in Resources */ = {isa = PBXBuildFile; fileRef = 362669872B12144B00488748 /* audio.mp3 */; };
		3626698A2B12145300488748 /* audio_translation.mp3 in Resources */ = {isa = PBXBuildFile; fileRef = 362669892B12145300488748 /* audio_translation.mp3 */; };
/* End PBXBuildFile section */

/* Begin PBXContainerItemProxy section */
		362669602B11CB4A00488748 /* PBXContainerItemProxy */ = {
			isa = PBXContainerItemProxy;
			containerPortal = 362669472B11CB4800488748 /* Project object */;
			proxyType = 1;
			remoteGlobalIDString = 3626694E2B11CB4800488748;
			remoteInfo = imageGenerator;
		};
		3626696A2B11CB4A00488748 /* PBXContainerItemProxy */ = {
			isa = PBXContainerItemProxy;
			containerPortal = 362669472B11CB4800488748 /* Project object */;
			proxyType = 1;
			remoteGlobalIDString = 3626694E2B11CB4800488748;
			remoteInfo = imageGenerator;
		};
/* End PBXContainerItemProxy section */

/* Begin PBXFileReference section */
		3626694F2B11CB4800488748 /* imageGenerator.app */ = {isa = PBXFileReference; explicitFileType = wrapper.application; includeInIndex = 0; path = imageGenerator.app; sourceTree = BUILT_PRODUCTS_DIR; };
		362669522B11CB4800488748 /* imageGeneratorApp.swift */ = {isa = PBXFileReference; lastKnownFileType = sourcecode.swift; path = imageGeneratorApp.swift; sourceTree = "<group>"; };
		362669542B11CB4800488748 /* ContentView.swift */ = {isa = PBXFileReference; lastKnownFileType = sourcecode.swift; path = ContentView.swift; sourceTree = "<group>"; };
		362669562B11CB4A00488748 /* Assets.xcassets */ = {isa = PBXFileReference; lastKnownFileType = folder.assetcatalog; path = Assets.xcassets; sourceTree = "<group>"; };
		362669592B11CB4A00488748 /* Preview Assets.xcassets */ = {isa = PBXFileReference; lastKnownFileType = folder.assetcatalog; path = "Preview Assets.xcassets"; sourceTree = "<group>"; };
		3626695F2B11CB4A00488748 /* imageGeneratorTests.xctest */ = {isa = PBXFileReference; explicitFileType = wrapper.cfbundle; includeInIndex = 0; path = imageGeneratorTests.xctest; sourceTree = BUILT_PRODUCTS_DIR; };
		362669632B11CB4A00488748 /* imageGeneratorTests.swift */ = {isa = PBXFileReference; lastKnownFileType = sourcecode.swift; path = imageGeneratorTests.swift; sourceTree = "<group>"; };
		362669692B11CB4A00488748 /* imageGeneratorUITests.xctest */ = {isa = PBXFileReference; explicitFileType = wrapper.cfbundle; includeInIndex = 0; path = imageGeneratorUITests.xctest; sourceTree = BUILT_PRODUCTS_DIR; };
		3626696D2B11CB4A00488748 /* imageGeneratorUITests.swift */ = {isa = PBXFileReference; lastKnownFileType = sourcecode.swift; path = imageGeneratorUITests.swift; sourceTree = "<group>"; };
		3626696F2B11CB4A00488748 /* imageGeneratorUITestsLaunchTests.swift */ = {isa = PBXFileReference; lastKnownFileType = sourcecode.swift; path = imageGeneratorUITestsLaunchTests.swift; sourceTree = "<group>"; };
		3626697C2B11CB6500488748 /* ImageGeneratorViewModel.swift */ = {isa = PBXFileReference; lastKnownFileType = sourcecode.swift; path = ImageGeneratorViewModel.swift; sourceTree = "<group>"; };
		362669812B11CD9D00488748 /* Info.plist */ = {isa = PBXFileReference; lastKnownFileType = text.plist; path = Info.plist; sourceTree = "<group>"; };
		362669872B12144B00488748 /* audio.mp3 */ = {isa = PBXFileReference; lastKnownFileType = audio.mp3; path = audio.mp3; sourceTree = "<group>"; };
		362669892B12145300488748 /* audio_translation.mp3 */ = {isa = PBXFileReference; lastKnownFileType = audio.mp3; path = audio_translation.mp3; sourceTree = "<group>"; };
/* End PBXFileReference section */

/* Begin PBXFrameworksBuildPhase section */
		3626694C2B11CB4800488748 /* Frameworks */ = {
			isa = PBXFrameworksBuildPhase;
			buildActionMask = 2147483647;
			files = (
				362669852B11D29C00488748 /* netfox in Frameworks */,
				362669802B11CC0A00488748 /* OpenAIKit in Frameworks */,
			);
			runOnlyForDeploymentPostprocessing = 0;
		};
		3626695C2B11CB4A00488748 /* Frameworks */ = {
			isa = PBXFrameworksBuildPhase;
			buildActionMask = 2147483647;
			files = (
			);
			runOnlyForDeploymentPostprocessing = 0;
		};
		362669662B11CB4A00488748 /* Frameworks */ = {
			isa = PBXFrameworksBuildPhase;
			buildActionMask = 2147483647;
			files = (
			);
			runOnlyForDeploymentPostprocessing = 0;
		};
/* End PBXFrameworksBuildPhase section */

/* Begin PBXGroup section */
		362669462B11CB4800488748 = {
			isa = PBXGroup;
			children = (
				362669512B11CB4800488748 /* imageGenerator */,
				362669622B11CB4A00488748 /* imageGeneratorTests */,
				3626696C2B11CB4A00488748 /* imageGeneratorUITests */,
				362669502B11CB4800488748 /* Products */,
			);
			sourceTree = "<group>";
		};
		362669502B11CB4800488748 /* Products */ = {
			isa = PBXGroup;
			children = (
				3626694F2B11CB4800488748 /* imageGenerator.app */,
				3626695F2B11CB4A00488748 /* imageGeneratorTests.xctest */,
				362669692B11CB4A00488748 /* imageGeneratorUITests.xctest */,
			);
			name = Products;
			sourceTree = "<group>";
		};
		362669512B11CB4800488748 /* imageGenerator */ = {
			isa = PBXGroup;
			children = (
				362669812B11CD9D00488748 /* Info.plist */,
				362669522B11CB4800488748 /* imageGeneratorApp.swift */,
				362669542B11CB4800488748 /* ContentView.swift */,
				362669892B12145300488748 /* audio_translation.mp3 */,
				362669872B12144B00488748 /* audio.mp3 */,
				362669562B11CB4A00488748 /* Assets.xcassets */,
				362669582B11CB4A00488748 /* Preview Content */,
				3626697C2B11CB6500488748 /* ImageGeneratorViewModel.swift */,
			);
			path = imageGenerator;
			sourceTree = "<group>";
		};
		362669582B11CB4A00488748 /* Preview Content */ = {
			isa = PBXGroup;
			children = (
				362669592B11CB4A00488748 /* Preview Assets.xcassets */,
			);
			path = "Preview Content";
			sourceTree = "<group>";
		};
		362669622B11CB4A00488748 /* imageGeneratorTests */ = {
			isa = PBXGroup;
			children = (
				362669632B11CB4A00488748 /* imageGeneratorTests.swift */,
			);
			path = imageGeneratorTests;
			sourceTree = "<group>";
		};
		3626696C2B11CB4A00488748 /* imageGeneratorUITests */ = {
			isa = PBXGroup;
			children = (
				3626696D2B11CB4A00488748 /* imageGeneratorUITests.swift */,
				3626696F2B11CB4A00488748 /* imageGeneratorUITestsLaunchTests.swift */,
			);
			path = imageGeneratorUITests;
			sourceTree = "<group>";
		};
/* End PBXGroup section */

/* Begin PBXNativeTarget section */
		3626694E2B11CB4800488748 /* imageGenerator */ = {
			isa = PBXNativeTarget;
			buildConfigurationList = 362669732B11CB4A00488748 /* Build configuration list for PBXNativeTarget "imageGenerator" */;
			buildPhases = (
				3626694B2B11CB4800488748 /* Sources */,
				3626694C2B11CB4800488748 /* Frameworks */,
				3626694D2B11CB4800488748 /* Resources */,
			);
			buildRules = (
			);
			dependencies = (
			);
			name = imageGenerator;
			packageProductDependencies = (
				3626697F2B11CC0A00488748 /* OpenAIKit */,
				362669842B11D29C00488748 /* netfox */,
			);
			productName = imageGenerator;
			productReference = 3626694F2B11CB4800488748 /* imageGenerator.app */;
			productType = "com.apple.product-type.application";
		};
		3626695E2B11CB4A00488748 /* imageGeneratorTests */ = {
			isa = PBXNativeTarget;
			buildConfigurationList = 362669762B11CB4A00488748 /* Build configuration list for PBXNativeTarget "imageGeneratorTests" */;
			buildPhases = (
				3626695B2B11CB4A00488748 /* Sources */,
				3626695C2B11CB4A00488748 /* Frameworks */,
				3626695D2B11CB4A00488748 /* Resources */,
			);
			buildRules = (
			);
			dependencies = (
				362669612B11CB4A00488748 /* PBXTargetDependency */,
			);
			name = imageGeneratorTests;
			productName = imageGeneratorTests;
			productReference = 3626695F2B11CB4A00488748 /* imageGeneratorTests.xctest */;
			productType = "com.apple.product-type.bundle.unit-test";
		};
		362669682B11CB4A00488748 /* imageGeneratorUITests */ = {
			isa = PBXNativeTarget;
			buildConfigurationList = 362669792B11CB4A00488748 /* Build configuration list for PBXNativeTarget "imageGeneratorUITests" */;
			buildPhases = (
				362669652B11CB4A00488748 /* Sources */,
				362669662B11CB4A00488748 /* Frameworks */,
				362669672B11CB4A00488748 /* Resources */,
			);
			buildRules = (
			);
			dependencies = (
				3626696B2B11CB4A00488748 /* PBXTargetDependency */,
			);
			name = imageGeneratorUITests;
			productName = imageGeneratorUITests;
			productReference = 362669692B11CB4A00488748 /* imageGeneratorUITests.xctest */;
			productType = "com.apple.product-type.bundle.ui-testing";
		};
/* End PBXNativeTarget section */

/* Begin PBXProject section */
		362669472B11CB4800488748 /* Project object */ = {
			isa = PBXProject;
			attributes = {
				BuildIndependentTargetsInParallel = 1;
				LastSwiftUpdateCheck = 1420;
				LastUpgradeCheck = 1420;
				TargetAttributes = {
					3626694E2B11CB4800488748 = {
						CreatedOnToolsVersion = 14.2;
					};
					3626695E2B11CB4A00488748 = {
						CreatedOnToolsVersion = 14.2;
						TestTargetID = 3626694E2B11CB4800488748;
					};
					362669682B11CB4A00488748 = {
						CreatedOnToolsVersion = 14.2;
						TestTargetID = 3626694E2B11CB4800488748;
					};
				};
			};
			buildConfigurationList = 3626694A2B11CB4800488748 /* Build configuration list for PBXProject "imageGenerator" */;
			compatibilityVersion = "Xcode 14.0";
			developmentRegion = en;
			hasScannedForEncodings = 0;
			knownRegions = (
				en,
				Base,
			);
			mainGroup = 362669462B11CB4800488748;
			packageReferences = (
				3626697E2B11CC0A00488748 /* XCRemoteSwiftPackageReference "OpenAIKit" */,
				362669832B11D29C00488748 /* XCRemoteSwiftPackageReference "netfox" */,
			);
			productRefGroup = 362669502B11CB4800488748 /* Products */;
			projectDirPath = "";
			projectRoot = "";
			targets = (
				3626694E2B11CB4800488748 /* imageGenerator */,
				3626695E2B11CB4A00488748 /* imageGeneratorTests */,
				362669682B11CB4A00488748 /* imageGeneratorUITests */,
			);
		};
/* End PBXProject section */

/* Begin PBXResourcesBuildPhase section */
		3626694D2B11CB4800488748 /* Resources */ = {
			isa = PBXResourcesBuildPhase;
			buildActionMask = 2147483647;
			files = (
				3626695A2B11CB4A00488748 /* Preview Assets.xcassets in Resources */,
				362669882B12144B00488748 /* audio.mp3 in Resources */,
				362669572B11CB4A00488748 /* Assets.xcassets in Resources */,
				3626698A2B12145300488748 /* audio_translation.mp3 in Resources */,
			);
			runOnlyForDeploymentPostprocessing = 0;
		};
		3626695D2B11CB4A00488748 /* Resources */ = {
			isa = PBXResourcesBuildPhase;
			buildActionMask = 2147483647;
			files = (
			);
			runOnlyForDeploymentPostprocessing = 0;
		};
		362669672B11CB4A00488748 /* Resources */ = {
			isa = PBXResourcesBuildPhase;
			buildActionMask = 2147483647;
			files = (
			);
			runOnlyForDeploymentPostprocessing = 0;
		};
/* End PBXResourcesBuildPhase section */

/* Begin PBXSourcesBuildPhase section */
		3626694B2B11CB4800488748 /* Sources */ = {
			isa = PBXSourcesBuildPhase;
			buildActionMask = 2147483647;
			files = (
				3626697D2B11CB6500488748 /* ImageGeneratorViewModel.swift in Sources */,
				362669552B11CB4800488748 /* ContentView.swift in Sources */,
				362669532B11CB4800488748 /* imageGeneratorApp.swift in Sources */,
			);
			runOnlyForDeploymentPostprocessing = 0;
		};
		3626695B2B11CB4A00488748 /* Sources */ = {
			isa = PBXSourcesBuildPhase;
			buildActionMask = 2147483647;
			files = (
				362669642B11CB4A00488748 /* imageGeneratorTests.swift in Sources */,
			);
			runOnlyForDeploymentPostprocessing = 0;
		};
		362669652B11CB4A00488748 /* Sources */ = {
			isa = PBXSourcesBuildPhase;
			buildActionMask = 2147483647;
			files = (
				362669702B11CB4A00488748 /* imageGeneratorUITestsLaunchTests.swift in Sources */,
				3626696E2B11CB4A00488748 /* imageGeneratorUITests.swift in Sources */,
			);
			runOnlyForDeploymentPostprocessing = 0;
		};
/* End PBXSourcesBuildPhase section */

/* Begin PBXTargetDependency section */
		362669612B11CB4A00488748 /* PBXTargetDependency */ = {
			isa = PBXTargetDependency;
			target = 3626694E2B11CB4800488748 /* imageGenerator */;
			targetProxy = 362669602B11CB4A00488748 /* PBXContainerItemProxy */;
		};
		3626696B2B11CB4A00488748 /* PBXTargetDependency */ = {
			isa = PBXTargetDependency;
			target = 3626694E2B11CB4800488748 /* imageGenerator */;
			targetProxy = 3626696A2B11CB4A00488748 /* PBXContainerItemProxy */;
		};
/* End PBXTargetDependency section */

/* Begin XCBuildConfiguration section */
		362669712B11CB4A00488748 /* Debug */ = {
			isa = XCBuildConfiguration;
			buildSettings = {
				ALWAYS_SEARCH_USER_PATHS = NO;
				CLANG_ANALYZER_NONNULL = YES;
				CLANG_ANALYZER_NUMBER_OBJECT_CONVERSION = YES_AGGRESSIVE;
				CLANG_CXX_LANGUAGE_STANDARD = "gnu++20";
				CLANG_ENABLE_MODULES = YES;
				CLANG_ENABLE_OBJC_ARC = YES;
				CLANG_ENABLE_OBJC_WEAK = YES;
				CLANG_WARN_BLOCK_CAPTURE_AUTORELEASING = YES;
				CLANG_WARN_BOOL_CONVERSION = YES;
				CLANG_WARN_COMMA = YES;
				CLANG_WARN_CONSTANT_CONVERSION = YES;
				CLANG_WARN_DEPRECATED_OBJC_IMPLEMENTATIONS = YES;
				CLANG_WARN_DIRECT_OBJC_ISA_USAGE = YES_ERROR;
				CLANG_WARN_DOCUMENTATION_COMMENTS = YES;
				CLANG_WARN_EMPTY_BODY = YES;
				CLANG_WARN_ENUM_CONVERSION = YES;
				CLANG_WARN_INFINITE_RECURSION = YES;
				CLANG_WARN_INT_CONVERSION = YES;
				CLANG_WARN_NON_LITERAL_NULL_CONVERSION = YES;
				CLANG_WARN_OBJC_IMPLICIT_RETAIN_SELF = YES;
				CLANG_WARN_OBJC_LITERAL_CONVERSION = YES;
				CLANG_WARN_OBJC_ROOT_CLASS = YES_ERROR;
				CLANG_WARN_QUOTED_INCLUDE_IN_FRAMEWORK_HEADER = YES;
				CLANG_WARN_RANGE_LOOP_ANALYSIS = YES;
				CLANG_WARN_STRICT_PROTOTYPES = YES;
				CLANG_WARN_SUSPICIOUS_MOVE = YES;
				CLANG_WARN_UNGUARDED_AVAILABILITY = YES_AGGRESSIVE;
				CLANG_WARN_UNREACHABLE_CODE = YES;
				CLANG_WARN__DUPLICATE_METHOD_MATCH = YES;
				COPY_PHASE_STRIP = NO;
				DEBUG_INFORMATION_FORMAT = dwarf;
				ENABLE_STRICT_OBJC_MSGSEND = YES;
				ENABLE_TESTABILITY = YES;
				GCC_C_LANGUAGE_STANDARD = gnu11;
				GCC_DYNAMIC_NO_PIC = NO;
				GCC_NO_COMMON_BLOCKS = YES;
				GCC_OPTIMIZATION_LEVEL = 0;
				GCC_PREPROCESSOR_DEFINITIONS = (
					"DEBUG=1",
					"$(inherited)",
				);
				GCC_WARN_64_TO_32_BIT_CONVERSION = YES;
				GCC_WARN_ABOUT_RETURN_TYPE = YES_ERROR;
				GCC_WARN_UNDECLARED_SELECTOR = YES;
				GCC_WARN_UNINITIALIZED_AUTOS = YES_AGGRESSIVE;
				GCC_WARN_UNUSED_FUNCTION = YES;
				GCC_WARN_UNUSED_VARIABLE = YES;
				IPHONEOS_DEPLOYMENT_TARGET = 16.2;
				MTL_ENABLE_DEBUG_INFO = INCLUDE_SOURCE;
				MTL_FAST_MATH = YES;
				ONLY_ACTIVE_ARCH = YES;
				SDKROOT = iphoneos;
				SWIFT_ACTIVE_COMPILATION_CONDITIONS = DEBUG;
				SWIFT_OPTIMIZATION_LEVEL = "-Onone";
			};
			name = Debug;
		};
		362669722B11CB4A00488748 /* Release */ = {
			isa = XCBuildConfiguration;
			buildSettings = {
				ALWAYS_SEARCH_USER_PATHS = NO;
				CLANG_ANALYZER_NONNULL = YES;
				CLANG_ANALYZER_NUMBER_OBJECT_CONVERSION = YES_AGGRESSIVE;
				CLANG_CXX_LANGUAGE_STANDARD = "gnu++20";
				CLANG_ENABLE_MODULES = YES;
				CLANG_ENABLE_OBJC_ARC = YES;
				CLANG_ENABLE_OBJC_WEAK = YES;
				CLANG_WARN_BLOCK_CAPTURE_AUTORELEASING = YES;
				CLANG_WARN_BOOL_CONVERSION = YES;
				CLANG_WARN_COMMA = YES;
				CLANG_WARN_CONSTANT_CONVERSION = YES;
				CLANG_WARN_DEPRECATED_OBJC_IMPLEMENTATIONS = YES;
				CLANG_WARN_DIRECT_OBJC_ISA_USAGE = YES_ERROR;
				CLANG_WARN_DOCUMENTATION_COMMENTS = YES;
				CLANG_WARN_EMPTY_BODY = YES;
				CLANG_WARN_ENUM_CONVERSION = YES;
				CLANG_WARN_INFINITE_RECURSION = YES;
				CLANG_WARN_INT_CONVERSION = YES;
				CLANG_WARN_NON_LITERAL_NULL_CONVERSION = YES;
				CLANG_WARN_OBJC_IMPLICIT_RETAIN_SELF = YES;
				CLANG_WARN_OBJC_LITERAL_CONVERSION = YES;
				CLANG_WARN_OBJC_ROOT_CLASS = YES_ERROR;
				CLANG_WARN_QUOTED_INCLUDE_IN_FRAMEWORK_HEADER = YES;
				CLANG_WARN_RANGE_LOOP_ANALYSIS = YES;
				CLANG_WARN_STRICT_PROTOTYPES = YES;
				CLANG_WARN_SUSPICIOUS_MOVE = YES;
				CLANG_WARN_UNGUARDED_AVAILABILITY = YES_AGGRESSIVE;
				CLANG_WARN_UNREACHABLE_CODE = YES;
				CLANG_WARN__DUPLICATE_METHOD_MATCH = YES;
				COPY_PHASE_STRIP = NO;
				DEBUG_INFORMATION_FORMAT = "dwarf-with-dsym";
				ENABLE_NS_ASSERTIONS = NO;
				ENABLE_STRICT_OBJC_MSGSEND = YES;
				GCC_C_LANGUAGE_STANDARD = gnu11;
				GCC_NO_COMMON_BLOCKS = YES;
				GCC_WARN_64_TO_32_BIT_CONVERSION = YES;
				GCC_WARN_ABOUT_RETURN_TYPE = YES_ERROR;
				GCC_WARN_UNDECLARED_SELECTOR = YES;
				GCC_WARN_UNINITIALIZED_AUTOS = YES_AGGRESSIVE;
				GCC_WARN_UNUSED_FUNCTION = YES;
				GCC_WARN_UNUSED_VARIABLE = YES;
				IPHONEOS_DEPLOYMENT_TARGET = 16.2;
				MTL_ENABLE_DEBUG_INFO = NO;
				MTL_FAST_MATH = YES;
				SDKROOT = iphoneos;
				SWIFT_COMPILATION_MODE = wholemodule;
				SWIFT_OPTIMIZATION_LEVEL = "-O";
				VALIDATE_PRODUCT = YES;
			};
			name = Release;
		};
		362669742B11CB4A00488748 /* Debug */ = {
			isa = XCBuildConfiguration;
			buildSettings = {
				ASSETCATALOG_COMPILER_APPICON_NAME = AppIcon;
				ASSETCATALOG_COMPILER_GLOBAL_ACCENT_COLOR_NAME = AccentColor;
				CODE_SIGN_STYLE = Automatic;
				CURRENT_PROJECT_VERSION = 1;
				DEVELOPMENT_ASSET_PATHS = "\"imageGenerator/Preview Content\"";
				DEVELOPMENT_TEAM = YPD3TP4P79;
				ENABLE_PREVIEWS = YES;
				GENERATE_INFOPLIST_FILE = YES;
				INFOPLIST_FILE = imageGenerator/Info.plist;
				INFOPLIST_KEY_UIApplicationSupportsIndirectInputEvents = YES;
				INFOPLIST_KEY_UILaunchScreen_Generation = YES;
				INFOPLIST_KEY_UISupportedInterfaceOrientations_iPad = "UIInterfaceOrientationPortrait UIInterfaceOrientationPortraitUpsideDown UIInterfaceOrientationLandscapeLeft UIInterfaceOrientationLandscapeRight";
				INFOPLIST_KEY_UISupportedInterfaceOrientations_iPhone = "UIInterfaceOrientationPortrait UIInterfaceOrientationLandscapeLeft UIInterfaceOrientationLandscapeRight";
				LD_RUNPATH_SEARCH_PATHS = (
					"$(inherited)",
					"@executable_path/Frameworks",
				);
				MARKETING_VERSION = 1.0;
				PRODUCT_BUNDLE_IDENTIFIER = nur.kholis.imageGenerator;
				PRODUCT_NAME = "$(TARGET_NAME)";
				SWIFT_EMIT_LOC_STRINGS = YES;
				SWIFT_VERSION = 5.0;
				TARGETED_DEVICE_FAMILY = "1,2";
			};
			name = Debug;
		};
		362669752B11CB4A00488748 /* Release */ = {
			isa = XCBuildConfiguration;
			buildSettings = {
				ASSETCATALOG_COMPILER_APPICON_NAME = AppIcon;
				ASSETCATALOG_COMPILER_GLOBAL_ACCENT_COLOR_NAME = AccentColor;
				CODE_SIGN_STYLE = Automatic;
				CURRENT_PROJECT_VERSION = 1;
				DEVELOPMENT_ASSET_PATHS = "\"imageGenerator/Preview Content\"";
				DEVELOPMENT_TEAM = YPD3TP4P79;
				ENABLE_PREVIEWS = YES;
				GENERATE_INFOPLIST_FILE = YES;
				INFOPLIST_FILE = imageGenerator/Info.plist;
				INFOPLIST_KEY_UIApplicationSupportsIndirectInputEvents = YES;
				INFOPLIST_KEY_UILaunchScreen_Generation = YES;
				INFOPLIST_KEY_UISupportedInterfaceOrientations_iPad = "UIInterfaceOrientationPortrait UIInterfaceOrientationPortraitUpsideDown UIInterfaceOrientationLandscapeLeft UIInterfaceOrientationLandscapeRight";
				INFOPLIST_KEY_UISupportedInterfaceOrientations_iPhone = "UIInterfaceOrientationPortrait UIInterfaceOrientationLandscapeLeft UIInterfaceOrientationLandscapeRight";
				LD_RUNPATH_SEARCH_PATHS = (
					"$(inherited)",
					"@executable_path/Frameworks",
				);
				MARKETING_VERSION = 1.0;
				PRODUCT_BUNDLE_IDENTIFIER = nur.kholis.imageGenerator;
				PRODUCT_NAME = "$(TARGET_NAME)";
				SWIFT_EMIT_LOC_STRINGS = YES;
				SWIFT_VERSION = 5.0;
				TARGETED_DEVICE_FAMILY = "1,2";
			};
			name = Release;
		};
		362669772B11CB4A00488748 /* Debug */ = {
			isa = XCBuildConfiguration;
			buildSettings = {
				ALWAYS_EMBED_SWIFT_STANDARD_LIBRARIES = YES;
				BUNDLE_LOADER = "$(TEST_HOST)";
				CODE_SIGN_STYLE = Automatic;
				CURRENT_PROJECT_VERSION = 1;
				DEVELOPMENT_TEAM = YPD3TP4P79;
				GENERATE_INFOPLIST_FILE = YES;
				IPHONEOS_DEPLOYMENT_TARGET = 16.2;
				MARKETING_VERSION = 1.0;
				PRODUCT_BUNDLE_IDENTIFIER = nur.kholis.imageGeneratorTests;
				PRODUCT_NAME = "$(TARGET_NAME)";
				SWIFT_EMIT_LOC_STRINGS = NO;
				SWIFT_VERSION = 5.0;
				TARGETED_DEVICE_FAMILY = "1,2";
				TEST_HOST = "$(BUILT_PRODUCTS_DIR)/imageGenerator.app/$(BUNDLE_EXECUTABLE_FOLDER_PATH)/imageGenerator";
			};
			name = Debug;
		};
		362669782B11CB4A00488748 /* Release */ = {
			isa = XCBuildConfiguration;
			buildSettings = {
				ALWAYS_EMBED_SWIFT_STANDARD_LIBRARIES = YES;
				BUNDLE_LOADER = "$(TEST_HOST)";
				CODE_SIGN_STYLE = Automatic;
				CURRENT_PROJECT_VERSION = 1;
				DEVELOPMENT_TEAM = YPD3TP4P79;
				GENERATE_INFOPLIST_FILE = YES;
				IPHONEOS_DEPLOYMENT_TARGET = 16.2;
				MARKETING_VERSION = 1.0;
				PRODUCT_BUNDLE_IDENTIFIER = nur.kholis.imageGeneratorTests;
				PRODUCT_NAME = "$(TARGET_NAME)";
				SWIFT_EMIT_LOC_STRINGS = NO;
				SWIFT_VERSION = 5.0;
				TARGETED_DEVICE_FAMILY = "1,2";
				TEST_HOST = "$(BUILT_PRODUCTS_DIR)/imageGenerator.app/$(BUNDLE_EXECUTABLE_FOLDER_PATH)/imageGenerator";
			};
			name = Release;
		};
		3626697A2B11CB4A00488748 /* Debug */ = {
			isa = XCBuildConfiguration;
			buildSettings = {
				ALWAYS_EMBED_SWIFT_STANDARD_LIBRARIES = YES;
				CODE_SIGN_STYLE = Automatic;
				CURRENT_PROJECT_VERSION = 1;
				DEVELOPMENT_TEAM = YPD3TP4P79;
				GENERATE_INFOPLIST_FILE = YES;
				MARKETING_VERSION = 1.0;
				PRODUCT_BUNDLE_IDENTIFIER = nur.kholis.imageGeneratorUITests;
				PRODUCT_NAME = "$(TARGET_NAME)";
				SWIFT_EMIT_LOC_STRINGS = NO;
				SWIFT_VERSION = 5.0;
				TARGETED_DEVICE_FAMILY = "1,2";
				TEST_TARGET_NAME = imageGenerator;
			};
			name = Debug;
		};
		3626697B2B11CB4A00488748 /* Release */ = {
			isa = XCBuildConfiguration;
			buildSettings = {
				ALWAYS_EMBED_SWIFT_STANDARD_LIBRARIES = YES;
				CODE_SIGN_STYLE = Automatic;
				CURRENT_PROJECT_VERSION = 1;
				DEVELOPMENT_TEAM = YPD3TP4P79;
				GENERATE_INFOPLIST_FILE = YES;
				MARKETING_VERSION = 1.0;
				PRODUCT_BUNDLE_IDENTIFIER = nur.kholis.imageGeneratorUITests;
				PRODUCT_NAME = "$(TARGET_NAME)";
				SWIFT_EMIT_LOC_STRINGS = NO;
				SWIFT_VERSION = 5.0;
				TARGETED_DEVICE_FAMILY = "1,2";
				TEST_TARGET_NAME = imageGenerator;
			};
			name = Release;
		};
/* End XCBuildConfiguration section */

/* Begin XCConfigurationList section */
		3626694A2B11CB4800488748 /* Build configuration list for PBXProject "imageGenerator" */ = {
			isa = XCConfigurationList;
			buildConfigurations = (
				362669712B11CB4A00488748 /* Debug */,
				362669722B11CB4A00488748 /* Release */,
			);
			defaultConfigurationIsVisible = 0;
			defaultConfigurationName = Release;
		};
		362669732B11CB4A00488748 /* Build configuration list for PBXNativeTarget "imageGenerator" */ = {
			isa = XCConfigurationList;
			buildConfigurations = (
				362669742B11CB4A00488748 /* Debug */,
				362669752B11CB4A00488748 /* Release */,
			);
			defaultConfigurationIsVisible = 0;
			defaultConfigurationName = Release;
		};
		362669762B11CB4A00488748 /* Build configuration list for PBXNativeTarget "imageGeneratorTests" */ = {
			isa = XCConfigurationList;
			buildConfigurations = (
				362669772B11CB4A00488748 /* Debug */,
				362669782B11CB4A00488748 /* Release */,
			);
			defaultConfigurationIsVisible = 0;
			defaultConfigurationName = Release;
		};
		362669792B11CB4A00488748 /* Build configuration list for PBXNativeTarget "imageGeneratorUITests" */ = {
			isa = XCConfigurationList;
			buildConfigurations = (
				3626697A2B11CB4A00488748 /* Debug */,
				3626697B2B11CB4A00488748 /* Release */,
			);
			defaultConfigurationIsVisible = 0;
			defaultConfigurationName = Release;
		};
/* End XCConfigurationList section */

/* Begin XCRemoteSwiftPackageReference section */
		3626697E2B11CC0A00488748 /* XCRemoteSwiftPackageReference "OpenAIKit" */ = {
			isa = XCRemoteSwiftPackageReference;
			repositoryURL = "https://github.com/MarcoDotIO/OpenAIKit";
			requirement = {
				kind = upToNextMajorVersion;
				minimumVersion = 1.0.0;
			};
		};
		362669832B11D29C00488748 /* XCRemoteSwiftPackageReference "netfox" */ = {
			isa = XCRemoteSwiftPackageReference;
			repositoryURL = "https://github.com/kasketis/netfox";
			requirement = {
				kind = upToNextMajorVersion;
				minimumVersion = 1.0.0;
			};
		};
/* End XCRemoteSwiftPackageReference section */

/* Begin XCSwiftPackageProductDependency section */
		3626697F2B11CC0A00488748 /* OpenAIKit */ = {
			isa = XCSwiftPackageProductDependency;
			package = 3626697E2B11CC0A00488748 /* XCRemoteSwiftPackageReference "OpenAIKit" */;
			productName = OpenAIKit;
		};
		362669842B11D29C00488748 /* netfox */ = {
			isa = XCSwiftPackageProductDependency;
			package = 362669832B11D29C00488748 /* XCRemoteSwiftPackageReference "netfox" */;
			productName = netfox;
		};
/* End XCSwiftPackageProductDependency section */
	};
	rootObject = 362669472B11CB4800488748 /* Project object */;
}
